
Microsoft Visual Studio Solution File, Format Version 12.00
# Visual Studio Version 17
VisualStudioVersion = 17.4.33213.308
MinimumVisualStudioVersion = 10.0.40219.1
Project("{FAE04EC0-301F-11D3-BF4B-00C04F79EFBC}") = "Ref", "Ref\Ref.csproj", "{714BAB37-54C0-4375-ADCE-CAA4661057B0}"
EndProject
Global
	GlobalSection(SolutionConfigurationPlatforms) = preSolution
		Debug|Any CPU = Debug|Any CPU
		Release|Any CPU = Release|Any CPU
	EndGlobalSection
	GlobalSection(ProjectConfigurationPlatforms) = postSolution
		{714BAB37-54C0-4375-ADCE-CAA4661057B0}.Debug|Any CPU.ActiveCfg = Debug|Any CPU
		{714BAB37-54C0-4375-ADCE-CAA4661057B0}.Debug|Any CPU.Build.0 = Debug|Any CPU
		{714BAB37-54C0-4375-ADCE-CAA4661057B0}.Release|Any CPU.ActiveCfg = Release|Any CPU
		{714BAB37-54C0-4375-ADCE-CAA4661057B0}.Release|Any CPU.Build.0 = Release|Any CPU
	EndGlobalSection
	GlobalSection(SolutionProperties) = preSolution
		HideSolutionNode = FALSE
	EndGlobalSection
	GlobalSection(ExtensibilityGlobals) = postSolution
		SolutionGuid = {8CE1425F-D7AD-498F-B024-FECDB4DFBED3}
	EndGlobalSection
EndGlobal
